// !$*UTF8*$!
{
	archiveVersion = 1;
	classes = {
	};
	objectVersion = 45;
	objects = {

/* Begin PBXBuildFile section */
		1DDD58160DA1D0A300B32029 /* MainMenu.xib in Resources */ = {isa = PBXBuildFile; fileRef = 1DDD58140DA1D0A300B32029 /* MainMenu.xib */; };
		256AC3DA0F4B6AC300CF3369 /* AppDelegate.m in Sources */ = {isa = PBXBuildFile; fileRef = 256AC3D90F4B6AC300CF3369 /* AppDelegate.m */; };
		73A91C2112B5A82F00707AC0 /* Prefs.m in Sources */ = {isa = PBXBuildFile; fileRef = 73A91C2012B5A82F00707AC0 /* Prefs.m */; };
		73ECE50812B5CAC2005F66C4 /* AppDelegate+GistList.m in Sources */ = {isa = PBXBuildFile; fileRef = 73ECE50712B5CAC2005F66C4 /* AppDelegate+GistList.m */; };
		73ECE52712B5CC21005F66C4 /* GistView.m in Sources */ = {isa = PBXBuildFile; fileRef = 73ECE52612B5CC21005F66C4 /* GistView.m */; };
		73F119D912B7444E00212865 /* toolbar_push.png in Resources */ = {isa = PBXBuildFile; fileRef = 73F119D612B7444E00212865 /* toolbar_push.png */; };
		73F119DA12B7444E00212865 /* toolbar_refresh.png in Resources */ = {isa = PBXBuildFile; fileRef = 73F119D712B7444E00212865 /* toolbar_refresh.png */; };
		73F119DB12B7444E00212865 /* toolbar_remove.png in Resources */ = {isa = PBXBuildFile; fileRef = 73F119D812B7444E00212865 /* toolbar_remove.png */; };
		73F119E112B745FE00212865 /* AppDelegate+Actions.m in Sources */ = {isa = PBXBuildFile; fileRef = 73F119E012B745FE00212865 /* AppDelegate+Actions.m */; };
		73F11A6812B7535C00212865 /* toolbar_globe.png in Resources */ = {isa = PBXBuildFile; fileRef = 73F11A6712B7535C00212865 /* toolbar_globe.png */; };
		73F11D1B12B75FB800212865 /* BWToolkitFramework.framework in Frameworks */ = {isa = PBXBuildFile; fileRef = 73F11D1A12B75FB800212865 /* BWToolkitFramework.framework */; };
		73F11D5212B75FC700212865 /* BWToolkitFramework.framework in Copy Frameworks */ = {isa = PBXBuildFile; fileRef = 73F11D1A12B75FB800212865 /* BWToolkitFramework.framework */; };
		73F11D8212B75FFD00212865 /* JSON.framework in Copy Frameworks */ = {isa = PBXBuildFile; fileRef = 73F11D7112B75FE700212865 /* JSON.framework */; };
		73F11DFD12B7636000212865 /* GistManager.framework in Copy Frameworks */ = {isa = PBXBuildFile; fileRef = 73F11DF512B7634200212865 /* GistManager.framework */; };
		73F11E0712B7636300212865 /* GistManager.framework in Frameworks */ = {isa = PBXBuildFile; fileRef = 73F11DF512B7634200212865 /* GistManager.framework */; };
		73F11E0B12B7636A00212865 /* GistManager.h in Headers */ = {isa = PBXBuildFile; fileRef = 73ECE37912B5BCCD005F66C4 /* GistManager.h */; settings = {ATTRIBUTES = (Public, ); }; };
		73F11E0C12B7636A00212865 /* Gist.h in Headers */ = {isa = PBXBuildFile; fileRef = 73A9199112B59A9B00707AC0 /* Gist.h */; settings = {ATTRIBUTES = (Private, ); }; };
		73F11E0D12B7636A00212865 /* Gists.h in Headers */ = {isa = PBXBuildFile; fileRef = 73A9199312B59A9B00707AC0 /* Gists.h */; settings = {ATTRIBUTES = (Private, ); }; };
		73F11E1112B7636F00212865 /* Gist.m in Sources */ = {isa = PBXBuildFile; fileRef = 73A9199212B59A9B00707AC0 /* Gist.m */; };
		73F11E1212B7636F00212865 /* Gists.m in Sources */ = {isa = PBXBuildFile; fileRef = 73A9199412B59A9B00707AC0 /* Gists.m */; };
		73F11E1312B7636F00212865 /* NSString+Gist.m in Sources */ = {isa = PBXBuildFile; fileRef = 73A9195712B599F900707AC0 /* NSString+Gist.m */; };
		73F11E1412B7637300212865 /* JSON.framework in Frameworks */ = {isa = PBXBuildFile; fileRef = 73F11D7112B75FE700212865 /* JSON.framework */; settings = {ATTRIBUTES = (Weak, ); }; };
		8D11072B0486CEB800E47090 /* InfoPlist.strings in Resources */ = {isa = PBXBuildFile; fileRef = 089C165CFE840E0CC02AAC07 /* InfoPlist.strings */; };
		8D11072D0486CEB800E47090 /* main.m in Sources */ = {isa = PBXBuildFile; fileRef = 29B97316FDCFA39411CA2CEA /* main.m */; settings = {ATTRIBUTES = (); }; };
		8D11072F0486CEB800E47090 /* Cocoa.framework in Frameworks */ = {isa = PBXBuildFile; fileRef = 1058C7A1FEA54F0111CA2CBB /* Cocoa.framework */; };
/* End PBXBuildFile section */

/* Begin PBXContainerItemProxy section */
		73F11DF812B7635600212865 /* PBXContainerItemProxy */ = {
			isa = PBXContainerItemProxy;
			containerPortal = 29B97313FDCFA39411CA2CEA /* Project object */;
			proxyType = 1;
			remoteGlobalIDString = 73F11DF412B7634200212865;
			remoteInfo = GistManager;
		};
/* End PBXContainerItemProxy section */

/* Begin PBXCopyFilesBuildPhase section */
		73837F3F12B58519009F1B57 /* Copy Frameworks */ = {
			isa = PBXCopyFilesBuildPhase;
			buildActionMask = 2147483647;
			dstPath = "";
			dstSubfolderSpec = 10;
			files = (
				73F11DFD12B7636000212865 /* GistManager.framework in Copy Frameworks */,
				73F11D8212B75FFD00212865 /* JSON.framework in Copy Frameworks */,
				73F11D5212B75FC700212865 /* BWToolkitFramework.framework in Copy Frameworks */,
			);
			name = "Copy Frameworks";
			runOnlyForDeploymentPostprocessing = 0;
		};
/* End PBXCopyFilesBuildPhase section */

/* Begin PBXFileReference section */
		089C165DFE840E0CC02AAC07 /* English */ = {isa = PBXFileReference; fileEncoding = 4; lastKnownFileType = text.plist.strings; name = English; path = English.lproj/InfoPlist.strings; sourceTree = "<group>"; };
		1058C7A1FEA54F0111CA2CBB /* Cocoa.framework */ = {isa = PBXFileReference; lastKnownFileType = wrapper.framework; name = Cocoa.framework; path = /System/Library/Frameworks/Cocoa.framework; sourceTree = "<absolute>"; };
		1DDD58150DA1D0A300B32029 /* English */ = {isa = PBXFileReference; lastKnownFileType = file.xib; name = English; path = English.lproj/MainMenu.xib; sourceTree = "<group>"; };
		256AC3D80F4B6AC300CF3369 /* AppDelegate.h */ = {isa = PBXFileReference; fileEncoding = 4; lastKnownFileType = sourcecode.c.h; path = AppDelegate.h; sourceTree = "<group>"; };
		256AC3D90F4B6AC300CF3369 /* AppDelegate.m */ = {isa = PBXFileReference; fileEncoding = 4; lastKnownFileType = sourcecode.c.objc; path = AppDelegate.m; sourceTree = "<group>"; };
		256AC3F00F4B6AF500CF3369 /* Gister_Prefix.pch */ = {isa = PBXFileReference; fileEncoding = 4; lastKnownFileType = sourcecode.c.h; path = Gister_Prefix.pch; sourceTree = "<group>"; };
		29B97316FDCFA39411CA2CEA /* main.m */ = {isa = PBXFileReference; fileEncoding = 4; lastKnownFileType = sourcecode.c.objc; name = main.m; path = Source/main.m; sourceTree = "<group>"; };
		29B97324FDCFA39411CA2CEA /* AppKit.framework */ = {isa = PBXFileReference; lastKnownFileType = wrapper.framework; name = AppKit.framework; path = /System/Library/Frameworks/AppKit.framework; sourceTree = "<absolute>"; };
		29B97325FDCFA39411CA2CEA /* Foundation.framework */ = {isa = PBXFileReference; lastKnownFileType = wrapper.framework; name = Foundation.framework; path = /System/Library/Frameworks/Foundation.framework; sourceTree = "<absolute>"; };
		73A9195612B599F900707AC0 /* NSString+Gist.h */ = {isa = PBXFileReference; fileEncoding = 4; lastKnownFileType = sourcecode.c.h; path = "NSString+Gist.h"; sourceTree = "<group>"; };
		73A9195712B599F900707AC0 /* NSString+Gist.m */ = {isa = PBXFileReference; fileEncoding = 4; lastKnownFileType = sourcecode.c.objc; path = "NSString+Gist.m"; sourceTree = "<group>"; };
		73A9199112B59A9B00707AC0 /* Gist.h */ = {isa = PBXFileReference; fileEncoding = 4; lastKnownFileType = sourcecode.c.h; path = Gist.h; sourceTree = "<group>"; };
		73A9199212B59A9B00707AC0 /* Gist.m */ = {isa = PBXFileReference; fileEncoding = 4; lastKnownFileType = sourcecode.c.objc; path = Gist.m; sourceTree = "<group>"; };
		73A9199312B59A9B00707AC0 /* Gists.h */ = {isa = PBXFileReference; fileEncoding = 4; lastKnownFileType = sourcecode.c.h; path = Gists.h; sourceTree = "<group>"; };
		73A9199412B59A9B00707AC0 /* Gists.m */ = {isa = PBXFileReference; fileEncoding = 4; lastKnownFileType = sourcecode.c.objc; path = Gists.m; sourceTree = "<group>"; };
		73A91C1F12B5A82F00707AC0 /* Prefs.h */ = {isa = PBXFileReference; fileEncoding = 4; lastKnownFileType = sourcecode.c.h; path = Prefs.h; sourceTree = "<group>"; };
		73A91C2012B5A82F00707AC0 /* Prefs.m */ = {isa = PBXFileReference; fileEncoding = 4; lastKnownFileType = sourcecode.c.objc; path = Prefs.m; sourceTree = "<group>"; };
		73A91D0412B5BB5500707AC0 /* GistManager-Info.plist */ = {isa = PBXFileReference; lastKnownFileType = text.plist.xml; path = "GistManager-Info.plist"; sourceTree = "<group>"; };
		73ECE37912B5BCCD005F66C4 /* GistManager.h */ = {isa = PBXFileReference; fileEncoding = 4; lastKnownFileType = sourcecode.c.h; path = GistManager.h; sourceTree = "<group>"; };
		73ECE50712B5CAC2005F66C4 /* AppDelegate+GistList.m */ = {isa = PBXFileReference; fileEncoding = 4; lastKnownFileType = sourcecode.c.objc; path = "AppDelegate+GistList.m"; sourceTree = "<group>"; };
		73ECE52512B5CC21005F66C4 /* GistView.h */ = {isa = PBXFileReference; fileEncoding = 4; lastKnownFileType = sourcecode.c.h; path = GistView.h; sourceTree = "<group>"; };
		73ECE52612B5CC21005F66C4 /* GistView.m */ = {isa = PBXFileReference; fileEncoding = 4; lastKnownFileType = sourcecode.c.objc; path = GistView.m; sourceTree = "<group>"; };
		73F119D612B7444E00212865 /* toolbar_push.png */ = {isa = PBXFileReference; lastKnownFileType = image.png; path = toolbar_push.png; sourceTree = "<group>"; };
		73F119D712B7444E00212865 /* toolbar_refresh.png */ = {isa = PBXFileReference; lastKnownFileType = image.png; path = toolbar_refresh.png; sourceTree = "<group>"; };
		73F119D812B7444E00212865 /* toolbar_remove.png */ = {isa = PBXFileReference; lastKnownFileType = image.png; path = toolbar_remove.png; sourceTree = "<group>"; };
		73F119E012B745FE00212865 /* AppDelegate+Actions.m */ = {isa = PBXFileReference; fileEncoding = 4; lastKnownFileType = sourcecode.c.objc; path = "AppDelegate+Actions.m"; sourceTree = "<group>"; };
		73F11A6712B7535C00212865 /* toolbar_globe.png */ = {isa = PBXFileReference; lastKnownFileType = image.png; path = toolbar_globe.png; sourceTree = "<group>"; };
		73F11D1A12B75FB800212865 /* BWToolkitFramework.framework */ = {isa = PBXFileReference; lastKnownFileType = wrapper.framework; name = BWToolkitFramework.framework; path = Frameworks/BWToolkitFramework.framework; sourceTree = "<group>"; };
		73F11D7112B75FE700212865 /* JSON.framework */ = {isa = PBXFileReference; lastKnownFileType = wrapper.framework; name = JSON.framework; path = Frameworks/JSON.framework; sourceTree = "<group>"; };
		73F11DF512B7634200212865 /* GistManager.framework */ = {isa = PBXFileReference; explicitFileType = wrapper.framework; includeInIndex = 0; path = GistManager.framework; sourceTree = BUILT_PRODUCTS_DIR; };
		8D1107310486CEB800E47090 /* Gister-Info.plist */ = {isa = PBXFileReference; fileEncoding = 4; lastKnownFileType = text.plist.xml; path = "Gister-Info.plist"; sourceTree = "<group>"; };
		8D1107320486CEB800E47090 /* Gister.app */ = {isa = PBXFileReference; explicitFileType = wrapper.application; includeInIndex = 0; path = Gister.app; sourceTree = BUILT_PRODUCTS_DIR; };
/* End PBXFileReference section */

/* Begin PBXFrameworksBuildPhase section */
		73F11DF312B7634200212865 /* Frameworks */ = {
			isa = PBXFrameworksBuildPhase;
			buildActionMask = 2147483647;
			files = (
				73F11E1412B7637300212865 /* JSON.framework in Frameworks */,
			);
			runOnlyForDeploymentPostprocessing = 0;
		};
		8D11072E0486CEB800E47090 /* Frameworks */ = {
			isa = PBXFrameworksBuildPhase;
			buildActionMask = 2147483647;
			files = (
				73F11E0712B7636300212865 /* GistManager.framework in Frameworks */,
				73F11D1B12B75FB800212865 /* BWToolkitFramework.framework in Frameworks */,
				8D11072F0486CEB800E47090 /* Cocoa.framework in Frameworks */,
			);
			runOnlyForDeploymentPostprocessing = 0;
		};
/* End PBXFrameworksBuildPhase section */

/* Begin PBXGroup section */
		080E96DDFE201D6D7F000001 /* Gister */ = {
			isa = PBXGroup;
			children = (
				73837DC712B58429009F1B57 /* Classes */,
				29B97315FDCFA39411CA2CEA /* Other Sources */,
				29B97317FDCFA39411CA2CEA /* Resources */,
			);
			name = Gister;
			sourceTree = "<group>";
		};
		19C28FACFE9D520D11CA2CBB /* Products */ = {
			isa = PBXGroup;
			children = (
				8D1107320486CEB800E47090 /* Gister.app */,
				73F11DF512B7634200212865 /* GistManager.framework */,
			);
			name = Products;
			sourceTree = "<group>";
		};
		29B97314FDCFA39411CA2CEA /* Gister */ = {
			isa = PBXGroup;
			children = (
				080E96DDFE201D6D7F000001 /* Gister */,
				73837DCA12B58463009F1B57 /* GistManager */,
				29B97323FDCFA39411CA2CEA /* Frameworks */,
				19C28FACFE9D520D11CA2CBB /* Products */,
			);
			name = Gister;
			sourceTree = "<group>";
		};
		29B97315FDCFA39411CA2CEA /* Other Sources */ = {
			isa = PBXGroup;
			children = (
				256AC3F00F4B6AF500CF3369 /* Gister_Prefix.pch */,
				29B97316FDCFA39411CA2CEA /* main.m */,
			);
			name = "Other Sources";
			sourceTree = "<group>";
		};
		29B97317FDCFA39411CA2CEA /* Resources */ = {
			isa = PBXGroup;
			children = (
				73F119D312B7444200212865 /* Images */,
				8D1107310486CEB800E47090 /* Gister-Info.plist */,
				089C165CFE840E0CC02AAC07 /* InfoPlist.strings */,
				1DDD58140DA1D0A300B32029 /* MainMenu.xib */,
			);
			name = Resources;
			sourceTree = "<group>";
		};
		29B97323FDCFA39411CA2CEA /* Frameworks */ = {
			isa = PBXGroup;
			children = (
				73F11D7112B75FE700212865 /* JSON.framework */,
				73F11D1A12B75FB800212865 /* BWToolkitFramework.framework */,
				29B97324FDCFA39411CA2CEA /* AppKit.framework */,
				29B97325FDCFA39411CA2CEA /* Foundation.framework */,
				1058C7A1FEA54F0111CA2CBB /* Cocoa.framework */,
			);
			name = Frameworks;
			sourceTree = "<group>";
		};
		73837DC712B58429009F1B57 /* Classes */ = {
			isa = PBXGroup;
			children = (
				73A91C1F12B5A82F00707AC0 /* Prefs.h */,
				73A91C2012B5A82F00707AC0 /* Prefs.m */,
				256AC3D80F4B6AC300CF3369 /* AppDelegate.h */,
				256AC3D90F4B6AC300CF3369 /* AppDelegate.m */,
				73ECE50712B5CAC2005F66C4 /* AppDelegate+GistList.m */,
				73F119E012B745FE00212865 /* AppDelegate+Actions.m */,
				73ECE52512B5CC21005F66C4 /* GistView.h */,
				73ECE52612B5CC21005F66C4 /* GistView.m */,
			);
			name = Classes;
			path = Source;
			sourceTree = "<group>";
		};
		73837DCA12B58463009F1B57 /* GistManager */ = {
			isa = PBXGroup;
			children = (
				7388271312B587C10069BC61 /* Classes */,
				73A91D0412B5BB5500707AC0 /* GistManager-Info.plist */,
			);
			name = GistManager;
			sourceTree = "<group>";
		};
		7388271312B587C10069BC61 /* Classes */ = {
			isa = PBXGroup;
			children = (
				73ECE37912B5BCCD005F66C4 /* GistManager.h */,
				73A9199112B59A9B00707AC0 /* Gist.h */,
				73A9199212B59A9B00707AC0 /* Gist.m */,
				73A9199312B59A9B00707AC0 /* Gists.h */,
				73A9199412B59A9B00707AC0 /* Gists.m */,
				73A9195612B599F900707AC0 /* NSString+Gist.h */,
				73A9195712B599F900707AC0 /* NSString+Gist.m */,
			);
			name = Classes;
			path = GistManager;
			sourceTree = "<group>";
		};
		73F119D312B7444200212865 /* Images */ = {
			isa = PBXGroup;
			children = (
				73F11A6712B7535C00212865 /* toolbar_globe.png */,
				73F119D612B7444E00212865 /* toolbar_push.png */,
				73F119D712B7444E00212865 /* toolbar_refresh.png */,
				73F119D812B7444E00212865 /* toolbar_remove.png */,
			);
			path = Images;
			sourceTree = "<group>";
		};
/* End PBXGroup section */

/* Begin PBXHeadersBuildPhase section */
		73F11DF012B7634200212865 /* Headers */ = {
			isa = PBXHeadersBuildPhase;
			buildActionMask = 2147483647;
			files = (
				73F11E0B12B7636A00212865 /* GistManager.h in Headers */,
				73F11E0C12B7636A00212865 /* Gist.h in Headers */,
				73F11E0D12B7636A00212865 /* Gists.h in Headers */,
			);
			runOnlyForDeploymentPostprocessing = 0;
		};
/* End PBXHeadersBuildPhase section */

/* Begin PBXNativeTarget section */
		73F11DF412B7634200212865 /* GistManager */ = {
			isa = PBXNativeTarget;
			buildConfigurationList = 73F11E2212B763A500212865 /* Build configuration list for PBXNativeTarget "GistManager" */;
			buildPhases = (
				73F11DF012B7634200212865 /* Headers */,
				73F11DF212B7634200212865 /* Sources */,
				73F11DF312B7634200212865 /* Frameworks */,
			);
			buildRules = (
			);
			dependencies = (
			);
			name = GistManager;
			productName = GistManager;
			productReference = 73F11DF512B7634200212865 /* GistManager.framework */;
			productType = "com.apple.product-type.framework";
		};
		8D1107260486CEB800E47090 /* Gister */ = {
			isa = PBXNativeTarget;
			buildConfigurationList = C01FCF4A08A954540054247B /* Build configuration list for PBXNativeTarget "Gister" */;
			buildPhases = (
				8D1107290486CEB800E47090 /* Resources */,
				8D11072C0486CEB800E47090 /* Sources */,
				8D11072E0486CEB800E47090 /* Frameworks */,
				73837F3F12B58519009F1B57 /* Copy Frameworks */,
			);
			buildRules = (
			);
			dependencies = (
				73F11DF912B7635600212865 /* PBXTargetDependency */,
			);
			name = Gister;
			productInstallPath = "$(HOME)/Applications";
			productName = Gister;
			productReference = 8D1107320486CEB800E47090 /* Gister.app */;
			productType = "com.apple.product-type.application";
		};
/* End PBXNativeTarget section */

/* Begin PBXProject section */
		29B97313FDCFA39411CA2CEA /* Project object */ = {
			isa = PBXProject;
			buildConfigurationList = C01FCF4E08A954540054247B /* Build configuration list for PBXProject "Gister" */;
			compatibilityVersion = "Xcode 3.1";
			hasScannedForEncodings = 1;
			mainGroup = 29B97314FDCFA39411CA2CEA /* Gister */;
			projectDirPath = "";
			projectRoot = "";
			targets = (
				8D1107260486CEB800E47090 /* Gister */,
				73F11DF412B7634200212865 /* GistManager */,
			);
		};
/* End PBXProject section */

/* Begin PBXResourcesBuildPhase section */
		8D1107290486CEB800E47090 /* Resources */ = {
			isa = PBXResourcesBuildPhase;
			buildActionMask = 2147483647;
			files = (
				8D11072B0486CEB800E47090 /* InfoPlist.strings in Resources */,
				1DDD58160DA1D0A300B32029 /* MainMenu.xib in Resources */,
				73F119D912B7444E00212865 /* toolbar_push.png in Resources */,
				73F119DA12B7444E00212865 /* toolbar_refresh.png in Resources */,
				73F119DB12B7444E00212865 /* toolbar_remove.png in Resources */,
				73F11A6812B7535C00212865 /* toolbar_globe.png in Resources */,
			);
			runOnlyForDeploymentPostprocessing = 0;
		};
/* End PBXResourcesBuildPhase section */

/* Begin PBXSourcesBuildPhase section */
		73F11DF212B7634200212865 /* Sources */ = {
			isa = PBXSourcesBuildPhase;
			buildActionMask = 2147483647;
			files = (
				73F11E1112B7636F00212865 /* Gist.m in Sources */,
				73F11E1212B7636F00212865 /* Gists.m in Sources */,
				73F11E1312B7636F00212865 /* NSString+Gist.m in Sources */,
			);
			runOnlyForDeploymentPostprocessing = 0;
		};
		8D11072C0486CEB800E47090 /* Sources */ = {
			isa = PBXSourcesBuildPhase;
			buildActionMask = 2147483647;
			files = (
				8D11072D0486CEB800E47090 /* main.m in Sources */,
				256AC3DA0F4B6AC300CF3369 /* AppDelegate.m in Sources */,
				73A91C2112B5A82F00707AC0 /* Prefs.m in Sources */,
				73ECE50812B5CAC2005F66C4 /* AppDelegate+GistList.m in Sources */,
				73ECE52712B5CC21005F66C4 /* GistView.m in Sources */,
				73F119E112B745FE00212865 /* AppDelegate+Actions.m in Sources */,
			);
			runOnlyForDeploymentPostprocessing = 0;
		};
/* End PBXSourcesBuildPhase section */

/* Begin PBXTargetDependency section */
		73F11DF912B7635600212865 /* PBXTargetDependency */ = {
			isa = PBXTargetDependency;
			target = 73F11DF412B7634200212865 /* GistManager */;
			targetProxy = 73F11DF812B7635600212865 /* PBXContainerItemProxy */;
		};
/* End PBXTargetDependency section */

/* Begin PBXVariantGroup section */
		089C165CFE840E0CC02AAC07 /* InfoPlist.strings */ = {
			isa = PBXVariantGroup;
			children = (
				089C165DFE840E0CC02AAC07 /* English */,
			);
			name = InfoPlist.strings;
			sourceTree = "<group>";
		};
		1DDD58140DA1D0A300B32029 /* MainMenu.xib */ = {
			isa = PBXVariantGroup;
			children = (
				1DDD58150DA1D0A300B32029 /* English */,
			);
			name = MainMenu.xib;
			sourceTree = "<group>";
		};
/* End PBXVariantGroup section */

/* Begin XCBuildConfiguration section */
		73F11DF612B7634200212865 /* Debug */ = {
			isa = XCBuildConfiguration;
			buildSettings = {
				ALWAYS_SEARCH_USER_PATHS = NO;
				COPY_PHASE_STRIP = NO;
				DYLIB_COMPATIBILITY_VERSION = 1;
				DYLIB_CURRENT_VERSION = 1;
				FRAMEWORK_SEARCH_PATHS = (
					"$(inherited)",
					"\"$(SRCROOT)/Frameworks\"",
				);
				FRAMEWORK_VERSION = A;
				GCC_DYNAMIC_NO_PIC = NO;
				GCC_ENABLE_FIX_AND_CONTINUE = YES;
				GCC_MODEL_TUNING = G5;
				GCC_OPTIMIZATION_LEVEL = 0;
				GCC_PRECOMPILE_PREFIX_HEADER = YES;
				GCC_PREFIX_HEADER = "$(SYSTEM_LIBRARY_DIR)/Frameworks/AppKit.framework/Headers/AppKit.h";
				INFOPLIST_FILE = "GistManager-Info.plist";
				INSTALL_PATH = "$(HOME)/Library/Frameworks";
				OTHER_LDFLAGS = (
					"-framework",
					Foundation,
					"-framework",
					AppKit,
				);
				PREBINDING = NO;
				PRODUCT_NAME = GistManager;
			};
			name = Debug;
		};
		73F11DF712B7634200212865 /* Release */ = {
			isa = XCBuildConfiguration;
			buildSettings = {
				ALWAYS_SEARCH_USER_PATHS = NO;
				COPY_PHASE_STRIP = YES;
				DEBUG_INFORMATION_FORMAT = "dwarf-with-dsym";
				DYLIB_COMPATIBILITY_VERSION = 1;
				DYLIB_CURRENT_VERSION = 1;
				FRAMEWORK_SEARCH_PATHS = (
					"$(inherited)",
					"\"$(SRCROOT)/Frameworks\"",
				);
				FRAMEWORK_VERSION = A;
				GCC_ENABLE_FIX_AND_CONTINUE = NO;
				GCC_MODEL_TUNING = G5;
				GCC_PRECOMPILE_PREFIX_HEADER = YES;
				GCC_PREFIX_HEADER = "$(SYSTEM_LIBRARY_DIR)/Frameworks/AppKit.framework/Headers/AppKit.h";
				INFOPLIST_FILE = "GistManager-Info.plist";
				INSTALL_PATH = "$(HOME)/Library/Frameworks";
				OTHER_LDFLAGS = (
					"-framework",
					Foundation,
					"-framework",
					AppKit,
				);
				PREBINDING = NO;
				PRODUCT_NAME = GistManager;
				ZERO_LINK = NO;
			};
			name = Release;
		};
		C01FCF4B08A954540054247B /* Debug */ = {
			isa = XCBuildConfiguration;
			buildSettings = {
				ALWAYS_SEARCH_USER_PATHS = NO;
				COPY_PHASE_STRIP = NO;
				FRAMEWORK_SEARCH_PATHS = (
					"$(inherited)",
					"\"$(SRCROOT)/Frameworks\"",
				);
				GCC_DYNAMIC_NO_PIC = NO;
				GCC_ENABLE_FIX_AND_CONTINUE = YES;
				GCC_MODEL_TUNING = G5;
				GCC_OPTIMIZATION_LEVEL = 0;
				GCC_PRECOMPILE_PREFIX_HEADER = YES;
				GCC_PREFIX_HEADER = Gister_Prefix.pch;
				INFOPLIST_FILE = "Gister-Info.plist";
				INSTALL_PATH = "$(HOME)/Applications";
				PRODUCT_NAME = Gister;
			};
			name = Debug;
		};
		C01FCF4C08A954540054247B /* Release */ = {
			isa = XCBuildConfiguration;
			buildSettings = {
				ALWAYS_SEARCH_USER_PATHS = NO;
				DEBUG_INFORMATION_FORMAT = "dwarf-with-dsym";
				FRAMEWORK_SEARCH_PATHS = (
					"$(inherited)",
					"\"$(SRCROOT)/Frameworks\"",
				);
				GCC_MODEL_TUNING = G5;
				GCC_PRECOMPILE_PREFIX_HEADER = YES;
				GCC_PREFIX_HEADER = Gister_Prefix.pch;
				INFOPLIST_FILE = "Gister-Info.plist";
				INSTALL_PATH = "$(HOME)/Applications";
				PRODUCT_NAME = Gister;
			};
			name = Release;
		};
		C01FCF4F08A954540054247B /* Debug */ = {
			isa = XCBuildConfiguration;
			buildSettings = {
				ARCHS = "$(ARCHS_STANDARD_32_64_BIT)";
				GCC_C_LANGUAGE_STANDARD = gnu99;
				GCC_OPTIMIZATION_LEVEL = 0;
				GCC_TREAT_WARNINGS_AS_ERRORS = NO;
				GCC_WARN_64_TO_32_BIT_CONVERSION = YES;
				GCC_WARN_ABOUT_MISSING_FIELD_INITIALIZERS = YES;
				GCC_WARN_ABOUT_MISSING_NEWLINE = YES;
				GCC_WARN_ABOUT_RETURN_TYPE = YES;
				GCC_WARN_CHECK_SWITCH_STATEMENTS = YES;
				GCC_WARN_INITIALIZER_NOT_FULLY_BRACKETED = YES;
				GCC_WARN_MISSING_PARENTHESES = YES;
				GCC_WARN_SHADOW = YES;
				GCC_WARN_SIGN_COMPARE = YES;
				GCC_WARN_STRICT_SELECTOR_MATCH = YES;
				GCC_WARN_UNDECLARED_SELECTOR = YES;
				GCC_WARN_UNUSED_FUNCTION = YES;
				GCC_WARN_UNUSED_LABEL = YES;
				GCC_WARN_UNUSED_VALUE = YES;
				GCC_WARN_UNUSED_VARIABLE = YES;
				ONLY_ACTIVE_ARCH = YES;
				PREBINDING = NO;
			};
			name = Debug;
		};
		C01FCF5008A954540054247B /* Release */ = {
			isa = XCBuildConfiguration;
			buildSettings = {
				ARCHS = "$(ARCHS_STANDARD_32_64_BIT)";
				GCC_C_LANGUAGE_STANDARD = gnu99;
				GCC_TREAT_WARNINGS_AS_ERRORS = NO;
				GCC_WARN_64_TO_32_BIT_CONVERSION = YES;
				GCC_WARN_ABOUT_MISSING_FIELD_INITIALIZERS = YES;
				GCC_WARN_ABOUT_MISSING_NEWLINE = YES;
				GCC_WARN_ABOUT_RETURN_TYPE = YES;
				GCC_WARN_CHECK_SWITCH_STATEMENTS = YES;
				GCC_WARN_INITIALIZER_NOT_FULLY_BRACKETED = YES;
				GCC_WARN_MISSING_PARENTHESES = YES;
				GCC_WARN_SHADOW = YES;
				GCC_WARN_SIGN_COMPARE = YES;
				GCC_WARN_STRICT_SELECTOR_MATCH = YES;
				GCC_WARN_UNDECLARED_SELECTOR = YES;
				GCC_WARN_UNUSED_FUNCTION = YES;
				GCC_WARN_UNUSED_LABEL = YES;
				GCC_WARN_UNUSED_VALUE = YES;
				GCC_WARN_UNUSED_VARIABLE = YES;
				PREBINDING = NO;
			};
			name = Release;
		};
/* End XCBuildConfiguration section */

/* Begin XCConfigurationList section */
		73F11E2212B763A500212865 /* Build configuration list for PBXNativeTarget "GistManager" */ = {
			isa = XCConfigurationList;
			buildConfigurations = (
				73F11DF612B7634200212865 /* Debug */,
				73F11DF712B7634200212865 /* Release */,
			);
			defaultConfigurationIsVisible = 0;
			defaultConfigurationName = Release;
		};
		C01FCF4A08A954540054247B /* Build configuration list for PBXNativeTarget "Gister" */ = {
			isa = XCConfigurationList;
			buildConfigurations = (
				C01FCF4B08A954540054247B /* Debug */,
				C01FCF4C08A954540054247B /* Release */,
			);
			defaultConfigurationIsVisible = 0;
			defaultConfigurationName = Release;
		};
		C01FCF4E08A954540054247B /* Build configuration list for PBXProject "Gister" */ = {
			isa = XCConfigurationList;
			buildConfigurations = (
				C01FCF4F08A954540054247B /* Debug */,
				C01FCF5008A954540054247B /* Release */,
			);
			defaultConfigurationIsVisible = 0;
			defaultConfigurationName = Release;
		};
/* End XCConfigurationList section */
	};
	rootObject = 29B97313FDCFA39411CA2CEA /* Project object */;
}
